{
  "version": 2,
  "dependencies": {
    "net10.0": {
      "Akka": {
        "type": "Direct",
        "requested": "[1.5.71, )",
        "resolved": "1.5.71",
        "contentHash": "HMeKCZeOYzv5sqRq0mNPFqaV3QAn3XbiwCMJbkFbqjT4TouuKPX6OPfv6TG55M8mXic8u330S9zwCtIaeJFzqQ==",
        "dependencies": {
          "Akka.Analyzers": "0.3.3",
          "Microsoft.Extensions.ObjectPool": "6.0.36",
          "Newtonsoft.Json": "13.0.1",
          "System.Configuration.ConfigurationManager": "6.0.1"
        }
      },
      "FSharp.Core": {
        "type": "Direct",
        "requested": "[10.1.302, )",
        "resolved": "10.1.302",
        "contentHash": "bN7XMQrAQg1dyHScJ7FcsznERBkvm74LtIo1O6C5mUzgbDqSwNbDpb3+nBGaJAjDmtC/suK5Vx5pFysKY6Hm+Q=="
      },
      "Microsoft.NET.Test.Sdk": {
        "type": "Direct",
        "requested": "[18.8.1, )",
        "resolved": "18.8.1",
        "contentHash": "dknJL3/9Y3t4XuCBqnc0PevPxgLsUMmVhjwup/b1HNovA8zWcj3XsfIf7c6p05363DWcqL7X/YhDL9B+Zymv1w==",
        "dependencies": {
          "Microsoft.CodeCoverage": "18.8.1",
          "Microsoft.TestPlatform.TestHost": "18.8.1"
        }
      },
      "Npgsql": {
        "type": "Direct",
        "requested": "[10.0.3, )",
        "resolved": "10.0.3",
        "contentHash": "7nb5YzXuvWWJxB0J8DiyL3we+X4FOctZrt0fIBnucOIaIevFEEwGQVZKtiu9olXdlNAK1eNgqSral6r/jlhI4w==",
        "dependencies": {
          "Microsoft.Extensions.Logging.Abstractions": "10.0.0"
        }
      },
      "xunit": {
        "type": "Direct",
        "requested": "[2.9.3, )",
        "resolved": "2.9.3",
        "contentHash": "TlXQBinK35LpOPKHAqbLY4xlEen9TBafjs0V5KnA4wZsoQLQJiirCR4CbIXvOH8NzkW4YeJKP5P/Bnrodm0h9Q==",
        "dependencies": {
          "xunit.analyzers": "1.18.0",
          "xunit.assert": "2.9.3",
          "xunit.core": "[2.9.3]"
        }
      },
      "xunit.runner.visualstudio": {
        "type": "Direct",
        "requested": "[3.1.5, )",
        "resolved": "3.1.5",
        "contentHash": "tKi7dSTwP4m5m9eXPM2Ime4Kn7xNf4x4zT9sdLO/G4hZVnQCRiMTWoSZqI/pYTVeI27oPPqHBKYI/DjJ9GsYgA=="
      },
      "Akka.Analyzers": {
        "type": "Transitive",
        "resolved": "0.3.3",
        "contentHash": "SaS6yojDwqmy8PFCML8hiXlnSOQpO7adzrosTLbDD9paVAJk4WufteGbPhbiXiu2m4JscNhSM5joFeR9IZpF8g=="
      },
      "Akka.Persistence": {
        "type": "Transitive",
        "resolved": "1.5.70-beta1",
        "contentHash": "N4fixXDMfs0JTu4OD4T75ghFMuZLqnvAQ1RLznHQKH1tlBL1onyez3gMLLZlNfrggcUTiyzMFEYQHLrOzXVREw==",
        "dependencies": {
          "Akka": "1.5.70-beta1",
          "Google.Protobuf": "3.26.1"
        }
      },
      "Akka.Persistence.Query": {
        "type": "Transitive",
        "resolved": "1.5.70-beta1",
        "contentHash": "cgQgv9PucGVp8AmNZ0h3wSYCs+BQZuwiSmw26NnLL3IItrkxi5GuxIJU1T3hoE78UNiuPAysx2nek0Yc1lDgbg==",
        "dependencies": {
          "Akka.Persistence": "1.5.70-beta1",
          "Akka.Streams": "1.5.70-beta1"
        }
      },
      "Akka.Persistence.Sql": {
        "type": "Transitive",
        "resolved": "1.5.70",
        "contentHash": "l0WE5PNQL4Bf9kLgNBJrrlPCnXKiZAaDzptVV1w9C3JbCOb/9Lz9lj1CV7BkWrg+sOcVSchh7TeJzQF416y24A==",
        "dependencies": {
          "Akka.Persistence.Query": "1.5.70-beta1",
          "Akka.Streams": "1.5.70-beta1",
          "LanguageExt.Core": "4.4.9",
          "Microsoft.Bcl.HashCode": "1.1.1",
          "System.Linq.Async": "6.0.1",
          "System.Reactive.Linq": "6.0.1",
          "linq2db": "5.4.1.9"
        }
      },
      "Akka.Streams": {
        "type": "Transitive",
        "resolved": "1.5.70-beta1",
        "contentHash": "GuGzvS9s63cWMVF4kFH60Eq3hMtszWzEYt7mFjdhBEQPY5x9IdADSDIFbuUi3GdyajggbmIwTXrUELJKyjZHMw==",
        "dependencies": {
          "Akka": "1.5.70-beta1",
          "Google.Protobuf": "3.26.1",
          "Reactive.Streams": "1.0.4"
        }
      },
      "FSharp.SystemTextJson": {
        "type": "Transitive",
        "resolved": "1.4.36",
        "contentHash": "1xLk0SBF1nedD74B77rcArjD2d+DeZwbNI7BVCAyKwIBERo1VoX8Mf4AtX0OV2L3ZeM/XS1b6BuhXCyoh0KBnw==",
        "dependencies": {
          "FSharp.Core": "4.7.0"
        }
      },
      "Google.Protobuf": {
        "type": "Transitive",
        "resolved": "3.26.1",
        "contentHash": "CHZX8zXqhF/fdUtd+AYzew8T2HFkAoe5c7lbGxZY/qryAlQXckDvM5BfOJjXlMS7kyICqQTMszj4w1bX5uBJ/w=="
      },
      "LanguageExt.Core": {
        "type": "Transitive",
        "resolved": "4.4.9",
        "contentHash": "K9VGWkThJkaomifa3zcmwysw1BaSqIZZPZc6trBnJN8u9mpmA/cMMwCWEa/v7bPv/+NnG6PbyIDB7HtxBX7yCQ==",
        "dependencies": {
          "Microsoft.Bcl.AsyncInterfaces": "7.0.0"
        }
      },
      "linq2db": {
        "type": "Transitive",
        "resolved": "5.4.1.9",
        "contentHash": "Djc7yNoVT7byauCbFddUi87FXGfUdk1TtXC2lYQOPt86674IpGMPas7JQkU1AJKnTqpuZeaYdgRqEn7hASpZPQ=="
      },
      "Microsoft.Bcl.AsyncInterfaces": {
        "type": "Transitive",
        "resolved": "7.0.0",
        "contentHash": "3aeMZ1N0lJoSyzqiP03hqemtb1BijhsJADdobn/4nsMJ8V1H+CrpuduUe4hlRdx+ikBQju1VGjMD1GJ3Sk05Eg=="
      },
      "Microsoft.Bcl.HashCode": {
        "type": "Transitive",
        "resolved": "1.1.1",
        "contentHash": "MalY0Y/uM/LjXtHfX/26l2VtN4LDNZ2OE3aumNOHDLsT4fNYy2hiHXI4CXCqKpNUNm7iJ2brrc4J89UdaL56FA=="
      },
      "Microsoft.CodeCoverage": {
        "type": "Transitive",
        "resolved": "18.8.1",
        "contentHash": "Eclse/ZZjr4lmWzZFNN9h/OluhKL+SK/QbUyKUewgX139aGeyMEO/DkMPwuFs2MixvanTnz6891rF8UHDg+W4Q=="
      },
      "Microsoft.Extensions.DependencyInjection.Abstractions": {
        "type": "Transitive",
        "resolved": "10.0.0",
        "contentHash": "L3AdmZ1WOK4XXT5YFPEwyt0ep6l8lGIPs7F5OOBZc77Zqeo01Of7XXICy47628sdVl0v/owxYJTe86DTgFwKCA=="
      },
      "Microsoft.Extensions.Logging.Abstractions": {
        "type": "Transitive",
        "resolved": "10.0.0",
        "contentHash": "FU/IfjDfwaMuKr414SSQNTIti/69bHEMb+QKrskRb26oVqpx3lNFXMjs/RC9ZUuhBhcwDM2BwOgoMw+PZ+beqQ==",
        "dependencies": {
          "Microsoft.Extensions.DependencyInjection.Abstractions": "10.0.0"
        }
      },
      "Microsoft.Extensions.ObjectPool": {
        "type": "Transitive",
        "resolved": "6.0.36",
        "contentHash": "WHwL2Src2pAiLGEmzq6htW+jeKIkrifT3Q6nZROY6EG8EbSGli//XpAh9WpITRsTda3VVUBegvc2QdBWyNn+zg=="
      },
      "Microsoft.TestPlatform.ObjectModel": {
        "type": "Transitive",
        "resolved": "18.8.1",
        "contentHash": "qLbktNB1+b1XZLNJBTzaWVVJAd6PEzD7cgD406geMb6PcFZhp3EDNa1tctWx1+mtMU6MP/6ozVvFPC9vs2a9rw=="
      },
      "Microsoft.TestPlatform.TestHost": {
        "type": "Transitive",
        "resolved": "18.8.1",
        "contentHash": "FaQHPDTUOcE+SFTjssNPfrub2lT9Zyon4J2W/KLHt/efLJACb1TCeWXyOgh0D/4Q1e4n+S3E6mOKud+9nLZlEA==",
        "dependencies": {
          "Microsoft.TestPlatform.ObjectModel": "18.8.1"
        }
      },
      "Microsoft.Win32.SystemEvents": {
        "type": "Transitive",
        "resolved": "6.0.0",
        "contentHash": "hqTM5628jSsQiv+HGpiq3WKBl2c8v1KZfby2J6Pr7pEPlK9waPdgEO6b8A/+/xn/yZ9ulv8HuqK71ONy2tg67A=="
      },
      "Newtonsoft.Json": {
        "type": "Transitive",
        "resolved": "13.0.1",
        "contentHash": "ppPFpBcvxdsfUonNcvITKqLl3bqxWbDCZIzDWHzjpdAHRFfZe0Dw9HmA0+za13IdyrgJwpkDTDA9fHaxOrt20A=="
      },
      "Reactive.Streams": {
        "type": "Transitive",
        "resolved": "1.0.4",
        "contentHash": "k5lcLBmVAcc1OMGsLa5cxdzJazNx9haOb9GUINx+DulBqEvRAHCgxhDWcJjm44Pe633xwdKOOYGQhPSdj944IA=="
      },
      "System.Configuration.ConfigurationManager": {
        "type": "Transitive",
        "resolved": "6.0.1",
        "contentHash": "jXw9MlUu/kRfEU0WyTptAVueupqIeE3/rl0EZDMlf8pcvJnitQ8HeVEp69rZdaStXwTV72boi/Bhw8lOeO+U2w==",
        "dependencies": {
          "System.Security.Cryptography.ProtectedData": "6.0.0",
          "System.Security.Permissions": "6.0.0"
        }
      },
      "System.Drawing.Common": {
        "type": "Transitive",
        "resolved": "6.0.0",
        "contentHash": "NfuoKUiP2nUWwKZN6twGqXioIe1zVD0RIj2t976A+czLHr2nY454RwwXs6JU9Htc6mwqL6Dn/nEL3dpVf2jOhg==",
        "dependencies": {
          "Microsoft.Win32.SystemEvents": "6.0.0"
        }
      },
      "System.Linq.Async": {
        "type": "Transitive",
        "resolved": "6.0.1",
        "contentHash": "0YhHcaroWpQ9UCot3Pizah7ryAzQhNvobLMSxeDIGmnXfkQn8u5owvpOH0K6EVB+z9L7u6Cc4W17Br/+jyttEQ==",
        "dependencies": {
          "Microsoft.Bcl.AsyncInterfaces": "6.0.0"
        }
      },
      "System.Reactive": {
        "type": "Transitive",
        "resolved": "6.0.1",
        "contentHash": "rHaWtKDwCi9qJ3ObKo8LHPMuuwv33YbmQi7TcUK1C264V3MFnOr5Im7QgCTdLniztP3GJyeiSg5x8NqYJFqRmg=="
      },
      "System.Reactive.Linq": {
        "type": "Transitive",
        "resolved": "6.0.1",
        "contentHash": "XC+ZxI74RhP10po29httLW82gjtVQYkLaGM36FIpjd0+lroTerWViadxSXjcWiFPslsdvqNTPrIT+oIA3i4Rfw==",
        "dependencies": {
          "System.Reactive": "6.0.1"
        }
      },
      "System.Security.Cryptography.ProtectedData": {
        "type": "Transitive",
        "resolved": "6.0.0",
        "contentHash": "rp1gMNEZpvx9vP0JW0oHLxlf8oSiQgtno77Y4PLUBjSiDYoD77Y8uXHr1Ea5XG4/pIKhqAdxZ8v8OTUtqo9PeQ=="
      },
      "System.Security.Permissions": {
        "type": "Transitive",
        "resolved": "6.0.0",
        "contentHash": "T/uuc7AklkDoxmcJ7LGkyX1CcSviZuLCa4jg3PekfJ7SU0niF0IVTXwUiNVP9DSpzou2PpxJ+eNY2IfDM90ZCg==",
        "dependencies": {
          "System.Windows.Extensions": "6.0.0"
        }
      },
      "System.Windows.Extensions": {
        "type": "Transitive",
        "resolved": "6.0.0",
        "contentHash": "IXoJOXIqc39AIe+CIR7koBtRGMiCt/LPM3lI+PELtDIy9XdyeSrwXFdWV9dzJ2Awl0paLWUaknLxFQ5HpHZUog==",
        "dependencies": {
          "System.Drawing.Common": "6.0.0"
        }
      },
      "xunit.abstractions": {
        "type": "Transitive",
        "resolved": "2.0.3",
        "contentHash": "pot1I4YOxlWjIb5jmwvvQNbTrZ3lJQ+jUGkGjWE3hEFM0l5gOnBWS+H3qsex68s5cO52g+44vpGzhAt+42vwKg=="
      },
      "xunit.analyzers": {
        "type": "Transitive",
        "resolved": "1.18.0",
        "contentHash": "OtFMHN8yqIcYP9wcVIgJrq01AfTxijjAqVDy/WeQVSyrDC1RzBWeQPztL49DN2syXRah8TYnfvk035s7L95EZQ=="
      },
      "xunit.assert": {
        "type": "Transitive",
        "resolved": "2.9.3",
        "contentHash": "/Kq28fCE7MjOV42YLVRAJzRF0WmEqsmflm0cfpMjGtzQ2lR5mYVj1/i0Y8uDAOLczkL3/jArrwehfMD0YogMAA=="
      },
      "xunit.core": {
        "type": "Transitive",
        "resolved": "2.9.3",
        "contentHash": "BiAEvqGvyme19wE0wTKdADH+NloYqikiU0mcnmiNyXaF9HyHmE6sr/3DC5vnBkgsWaE6yPyWszKSPSApWdRVeQ==",
        "dependencies": {
          "xunit.extensibility.core": "[2.9.3]",
          "xunit.extensibility.execution": "[2.9.3]"
        }
      },
      "xunit.extensibility.core": {
        "type": "Transitive",
        "resolved": "2.9.3",
        "contentHash": "kf3si0YTn2a8J8eZNb+zFpwfoyvIrQ7ivNk5ZYA5yuYk1bEtMe4DxJ2CF/qsRgmEnDr7MnW1mxylBaHTZ4qErA==",
        "dependencies": {
          "xunit.abstractions": "2.0.3"
        }
      },
      "xunit.extensibility.execution": {
        "type": "Transitive",
        "resolved": "2.9.3",
        "contentHash": "yMb6vMESlSrE3Wfj7V6cjQ3S4TXdXpRqYeNEI3zsX31uTsGMJjEw6oD5F5u1cHnMptjhEECnmZSsPxB6ChZHDQ==",
        "dependencies": {
          "xunit.extensibility.core": "[2.9.3]"
        }
      },
      "fs.gg.coordination.core": {
        "type": "Project",
        "dependencies": {
          "FS.GG.Coordination.Protocol": "[1.0.0, )",
          "FSharp.Core": "[10.1.302, )"
        }
      },
      "fs.gg.coordination.orchestration.postgresql": {
        "type": "Project",
        "dependencies": {
          "Akka": "[1.5.71, )",
          "Akka.Persistence.Sql": "[1.5.70, )",
          "FS.GG.Coordination.Core": "[1.0.0, )",
          "FSharp.Core": "[10.1.302, )",
          "FSharp.SystemTextJson": "[1.4.36, )",
          "Npgsql": "[10.0.3, )"
        }
      },
      "fs.gg.coordination.protocol": {
        "type": "Project",
        "dependencies": {
          "FSharp.Core": "[10.1.302, )"
        }
      }
    }
  }
}