
Microsoft Visual Studio Solution File, Format Version 12.00
# Visual Studio Version 17
VisualStudioVersion = 17.0.31903.59
MinimumVisualStudioVersion = 10.0.40219.1
Project("{2150E333-8FDC-42A3-9474-1A3956D46DE8}") = "src", "src", "{827E0CD3-B72D-47B6-A68D-7590B98EB39B}"
EndProject
Project("{F2A71F9B-5D33-465A-A702-920D77279786}") = "FS.GG.Coordination.App", "src\FS.GG.Coordination.App\FS.GG.Coordination.App.fsproj", "{1F693FB5-B6C1-48B7-9939-279F513C8223}"
EndProject
Project("{F2A71F9B-5D33-465A-A702-920D77279786}") = "FS.GG.Coordination.Cli", "src\FS.GG.Coordination.Cli\FS.GG.Coordination.Cli.fsproj", "{F88197DD-16BA-48F7-A277-E6E7CD8538E9}"
EndProject
Project("{F2A71F9B-5D33-465A-A702-920D77279786}") = "FS.GG.Coordination.Core", "src\FS.GG.Coordination.Core\FS.GG.Coordination.Core.fsproj", "{80CE31DD-160B-402B-A840-6C7607B6B9AA}"
EndProject
Project("{F2A71F9B-5D33-465A-A702-920D77279786}") = "FS.GG.Coordination.GitHub", "src\FS.GG.Coordination.GitHub\FS.GG.Coordination.GitHub.fsproj", "{E11C851A-1D02-452B-B1B1-BE61C2636FD8}"
EndProject
Project("{F2A71F9B-5D33-465A-A702-920D77279786}") = "FS.GG.Coordination.Protocol", "src\FS.GG.Coordination.Protocol\FS.GG.Coordination.Protocol.fsproj", "{90907C5B-A1FD-4028-ABDB-05AE2AA7B340}"
EndProject
Project("{F2A71F9B-5D33-465A-A702-920D77279786}") = "FS.GG.Coordination.Qualification.Contracts", "src\FS.GG.Coordination.Qualification.Contracts\FS.GG.Coordination.Qualification.Contracts.fsproj", "{1E88F15C-6077-4DC6-B9EE-D29AB79EF5D4}"
EndProject
Project("{2150E333-8FDC-42A3-9474-1A3956D46DE8}") = "tests", "tests", "{0AB3BF05-4346-4AA6-1389-037BE0695223}"
EndProject
Project("{F2A71F9B-5D33-465A-A702-920D77279786}") = "FS.GG.Coordination.ArchitectureTests", "tests\FS.GG.Coordination.ArchitectureTests\FS.GG.Coordination.ArchitectureTests.fsproj", "{280A6E7C-B6CB-4BA9-A7BA-14575DC0B00B}"
EndProject
Project("{F2A71F9B-5D33-465A-A702-920D77279786}") = "FS.GG.Coordination.UnitTests", "tests\FS.GG.Coordination.UnitTests\FS.GG.Coordination.UnitTests.fsproj", "{92DFFEAD-7AC9-48AF-96F5-7D95BE81F43F}"
EndProject
Project("{F2A71F9B-5D33-465A-A702-920D77279786}") = "FS.GG.Coordination.Orchestration.PostgreSql", "src\FS.GG.Coordination.Orchestration.PostgreSql\FS.GG.Coordination.Orchestration.PostgreSql.fsproj", "{117C6FEE-99A6-4543-8991-409535AF070D}"
EndProject
Project("{F2A71F9B-5D33-465A-A702-920D77279786}") = "FS.GG.Coordination.Orchestration.PostgreSql.Tests", "tests\FS.GG.Coordination.Orchestration.PostgreSql.Tests\FS.GG.Coordination.Orchestration.PostgreSql.Tests.fsproj", "{984EBCE2-016D-4DE3-9B8E-DAA6B35E7555}"
EndProject
Project("{F2A71F9B-5D33-465A-A702-920D77279786}") = "FS.GG.Coordination.Orchestration.Observer", "src\FS.GG.Coordination.Orchestration.Observer\FS.GG.Coordination.Orchestration.Observer.fsproj", "{3A9E59EA-32C8-4F3D-A7CC-24AE77328AB4}"
EndProject
Project("{F2A71F9B-5D33-465A-A702-920D77279786}") = "FS.GG.Coordination.Orchestration.Observer.Tests", "tests\FS.GG.Coordination.Orchestration.Observer.Tests\FS.GG.Coordination.Orchestration.Observer.Tests.fsproj", "{09F0AE25-FB46-447A-AFCD-113A0D6BF944}"
EndProject
Project("{F2A71F9B-5D33-465A-A702-920D77279786}") = "FS.GG.Coordination.Orchestration.Observer.PostgreSql.Tests", "tests\FS.GG.Coordination.Orchestration.Observer.PostgreSql.Tests\FS.GG.Coordination.Orchestration.Observer.PostgreSql.Tests.fsproj", "{6851CD4D-E46D-426F-BE42-619C7F78B481}"
EndProject
Project("{F2A71F9B-5D33-465A-A702-920D77279786}") = "FS.GG.Coordination.Orchestration.Pilot", "src\FS.GG.Coordination.Orchestration.Pilot\FS.GG.Coordination.Orchestration.Pilot.fsproj", "{29D2B72E-F0F7-422C-B3BB-F130A978BD96}"
EndProject
Project("{F2A71F9B-5D33-465A-A702-920D77279786}") = "FS.GG.Coordination.Orchestration.Pilot.PostgreSql.Tests", "tests\FS.GG.Coordination.Orchestration.Pilot.PostgreSql.Tests\FS.GG.Coordination.Orchestration.Pilot.PostgreSql.Tests.fsproj", "{2779656D-62EE-4A60-B9B6-5486304F326B}"
EndProject
Project("{F2A71F9B-5D33-465A-A702-920D77279786}") = "FS.GG.Coordination.Orchestration.Host", "src\FS.GG.Coordination.Orchestration.Host\FS.GG.Coordination.Orchestration.Host.fsproj", "{4465E1A1-4439-4A9A-B6CC-C9AD28E59C47}"
EndProject
Project("{F2A71F9B-5D33-465A-A702-920D77279786}") = "FS.GG.Coordination.Orchestration.Host.Tests", "tests\FS.GG.Coordination.Orchestration.Host.Tests\FS.GG.Coordination.Orchestration.Host.Tests.fsproj", "{328E51E2-5DE3-488E-9441-EAA5F5BEE6F5}"
EndProject
Project("{F2A71F9B-5D33-465A-A702-920D77279786}") = "FS.GG.Coordination.Orchestration.Runner.Protocol", "src\FS.GG.Coordination.Orchestration.Runner.Protocol\FS.GG.Coordination.Orchestration.Runner.Protocol.fsproj", "{12097FA6-4453-4C86-8E3B-ECADEECB4704}"
EndProject
Project("{F2A71F9B-5D33-465A-A702-920D77279786}") = "FS.GG.Coordination.Orchestration.Runner.Client", "src\FS.GG.Coordination.Orchestration.Runner.Client\FS.GG.Coordination.Orchestration.Runner.Client.fsproj", "{9232FF56-6396-423E-9ADF-72D2636BD136}"
EndProject
Global
	GlobalSection(SolutionConfigurationPlatforms) = preSolution
		Debug|Any CPU = Debug|Any CPU
		Debug|x64 = Debug|x64
		Debug|x86 = Debug|x86
		Release|Any CPU = Release|Any CPU
		Release|x64 = Release|x64
		Release|x86 = Release|x86
	EndGlobalSection
	GlobalSection(ProjectConfigurationPlatforms) = postSolution
		{1F693FB5-B6C1-48B7-9939-279F513C8223}.Debug|Any CPU.ActiveCfg = Debug|Any CPU
		{1F693FB5-B6C1-48B7-9939-279F513C8223}.Debug|Any CPU.Build.0 = Debug|Any CPU
		{1F693FB5-B6C1-48B7-9939-279F513C8223}.Debug|x64.ActiveCfg = Debug|Any CPU
		{1F693FB5-B6C1-48B7-9939-279F513C8223}.Debug|x64.Build.0 = Debug|Any CPU
		{1F693FB5-B6C1-48B7-9939-279F513C8223}.Debug|x86.ActiveCfg = Debug|Any CPU
		{1F693FB5-B6C1-48B7-9939-279F513C8223}.Debug|x86.Build.0 = Debug|Any CPU
		{1F693FB5-B6C1-48B7-9939-279F513C8223}.Release|Any CPU.ActiveCfg = Release|Any CPU
		{1F693FB5-B6C1-48B7-9939-279F513C8223}.Release|Any CPU.Build.0 = Release|Any CPU
		{1F693FB5-B6C1-48B7-9939-279F513C8223}.Release|x64.ActiveCfg = Release|Any CPU
		{1F693FB5-B6C1-48B7-9939-279F513C8223}.Release|x64.Build.0 = Release|Any CPU
		{1F693FB5-B6C1-48B7-9939-279F513C8223}.Release|x86.ActiveCfg = Release|Any CPU
		{1F693FB5-B6C1-48B7-9939-279F513C8223}.Release|x86.Build.0 = Release|Any CPU
		{F88197DD-16BA-48F7-A277-E6E7CD8538E9}.Debug|Any CPU.ActiveCfg = Debug|Any CPU
		{F88197DD-16BA-48F7-A277-E6E7CD8538E9}.Debug|Any CPU.Build.0 = Debug|Any CPU
		{F88197DD-16BA-48F7-A277-E6E7CD8538E9}.Debug|x64.ActiveCfg = Debug|Any CPU
		{F88197DD-16BA-48F7-A277-E6E7CD8538E9}.Debug|x64.Build.0 = Debug|Any CPU
		{F88197DD-16BA-48F7-A277-E6E7CD8538E9}.Debug|x86.ActiveCfg = Debug|Any CPU
		{F88197DD-16BA-48F7-A277-E6E7CD8538E9}.Debug|x86.Build.0 = Debug|Any CPU
		{F88197DD-16BA-48F7-A277-E6E7CD8538E9}.Release|Any CPU.ActiveCfg = Release|Any CPU
		{F88197DD-16BA-48F7-A277-E6E7CD8538E9}.Release|Any CPU.Build.0 = Release|Any CPU
		{F88197DD-16BA-48F7-A277-E6E7CD8538E9}.Release|x64.ActiveCfg = Release|Any CPU
		{F88197DD-16BA-48F7-A277-E6E7CD8538E9}.Release|x64.Build.0 = Release|Any CPU
		{F88197DD-16BA-48F7-A277-E6E7CD8538E9}.Release|x86.ActiveCfg = Release|Any CPU
		{F88197DD-16BA-48F7-A277-E6E7CD8538E9}.Release|x86.Build.0 = Release|Any CPU
		{80CE31DD-160B-402B-A840-6C7607B6B9AA}.Debug|Any CPU.ActiveCfg = Debug|Any CPU
		{80CE31DD-160B-402B-A840-6C7607B6B9AA}.Debug|Any CPU.Build.0 = Debug|Any CPU
		{80CE31DD-160B-402B-A840-6C7607B6B9AA}.Debug|x64.ActiveCfg = Debug|Any CPU
		{80CE31DD-160B-402B-A840-6C7607B6B9AA}.Debug|x64.Build.0 = Debug|Any CPU
		{80CE31DD-160B-402B-A840-6C7607B6B9AA}.Debug|x86.ActiveCfg = Debug|Any CPU
		{80CE31DD-160B-402B-A840-6C7607B6B9AA}.Debug|x86.Build.0 = Debug|Any CPU
		{80CE31DD-160B-402B-A840-6C7607B6B9AA}.Release|Any CPU.ActiveCfg = Release|Any CPU
		{80CE31DD-160B-402B-A840-6C7607B6B9AA}.Release|Any CPU.Build.0 = Release|Any CPU
		{80CE31DD-160B-402B-A840-6C7607B6B9AA}.Release|x64.ActiveCfg = Release|Any CPU
		{80CE31DD-160B-402B-A840-6C7607B6B9AA}.Release|x64.Build.0 = Release|Any CPU
		{80CE31DD-160B-402B-A840-6C7607B6B9AA}.Release|x86.ActiveCfg = Release|Any CPU
		{80CE31DD-160B-402B-A840-6C7607B6B9AA}.Release|x86.Build.0 = Release|Any CPU
		{E11C851A-1D02-452B-B1B1-BE61C2636FD8}.Debug|Any CPU.ActiveCfg = Debug|Any CPU
		{E11C851A-1D02-452B-B1B1-BE61C2636FD8}.Debug|Any CPU.Build.0 = Debug|Any CPU
		{E11C851A-1D02-452B-B1B1-BE61C2636FD8}.Debug|x64.ActiveCfg = Debug|Any CPU
		{E11C851A-1D02-452B-B1B1-BE61C2636FD8}.Debug|x64.Build.0 = Debug|Any CPU
		{E11C851A-1D02-452B-B1B1-BE61C2636FD8}.Debug|x86.ActiveCfg = Debug|Any CPU
		{E11C851A-1D02-452B-B1B1-BE61C2636FD8}.Debug|x86.Build.0 = Debug|Any CPU
		{E11C851A-1D02-452B-B1B1-BE61C2636FD8}.Release|Any CPU.ActiveCfg = Release|Any CPU
		{E11C851A-1D02-452B-B1B1-BE61C2636FD8}.Release|Any CPU.Build.0 = Release|Any CPU
		{E11C851A-1D02-452B-B1B1-BE61C2636FD8}.Release|x64.ActiveCfg = Release|Any CPU
		{E11C851A-1D02-452B-B1B1-BE61C2636FD8}.Release|x64.Build.0 = Release|Any CPU
		{E11C851A-1D02-452B-B1B1-BE61C2636FD8}.Release|x86.ActiveCfg = Release|Any CPU
		{E11C851A-1D02-452B-B1B1-BE61C2636FD8}.Release|x86.Build.0 = Release|Any CPU
		{90907C5B-A1FD-4028-ABDB-05AE2AA7B340}.Debug|Any CPU.ActiveCfg = Debug|Any CPU
		{90907C5B-A1FD-4028-ABDB-05AE2AA7B340}.Debug|Any CPU.Build.0 = Debug|Any CPU
		{90907C5B-A1FD-4028-ABDB-05AE2AA7B340}.Debug|x64.ActiveCfg = Debug|Any CPU
		{90907C5B-A1FD-4028-ABDB-05AE2AA7B340}.Debug|x64.Build.0 = Debug|Any CPU
		{90907C5B-A1FD-4028-ABDB-05AE2AA7B340}.Debug|x86.ActiveCfg = Debug|Any CPU
		{90907C5B-A1FD-4028-ABDB-05AE2AA7B340}.Debug|x86.Build.0 = Debug|Any CPU
		{90907C5B-A1FD-4028-ABDB-05AE2AA7B340}.Release|Any CPU.ActiveCfg = Release|Any CPU
		{90907C5B-A1FD-4028-ABDB-05AE2AA7B340}.Release|Any CPU.Build.0 = Release|Any CPU
		{90907C5B-A1FD-4028-ABDB-05AE2AA7B340}.Release|x64.ActiveCfg = Release|Any CPU
		{90907C5B-A1FD-4028-ABDB-05AE2AA7B340}.Release|x64.Build.0 = Release|Any CPU
		{90907C5B-A1FD-4028-ABDB-05AE2AA7B340}.Release|x86.ActiveCfg = Release|Any CPU
		{90907C5B-A1FD-4028-ABDB-05AE2AA7B340}.Release|x86.Build.0 = Release|Any CPU
		{1E88F15C-6077-4DC6-B9EE-D29AB79EF5D4}.Debug|Any CPU.ActiveCfg = Debug|Any CPU
		{1E88F15C-6077-4DC6-B9EE-D29AB79EF5D4}.Debug|Any CPU.Build.0 = Debug|Any CPU
		{1E88F15C-6077-4DC6-B9EE-D29AB79EF5D4}.Debug|x64.ActiveCfg = Debug|Any CPU
		{1E88F15C-6077-4DC6-B9EE-D29AB79EF5D4}.Debug|x64.Build.0 = Debug|Any CPU
		{1E88F15C-6077-4DC6-B9EE-D29AB79EF5D4}.Debug|x86.ActiveCfg = Debug|Any CPU
		{1E88F15C-6077-4DC6-B9EE-D29AB79EF5D4}.Debug|x86.Build.0 = Debug|Any CPU
		{1E88F15C-6077-4DC6-B9EE-D29AB79EF5D4}.Release|Any CPU.ActiveCfg = Release|Any CPU
		{1E88F15C-6077-4DC6-B9EE-D29AB79EF5D4}.Release|Any CPU.Build.0 = Release|Any CPU
		{1E88F15C-6077-4DC6-B9EE-D29AB79EF5D4}.Release|x64.ActiveCfg = Release|Any CPU
		{1E88F15C-6077-4DC6-B9EE-D29AB79EF5D4}.Release|x64.Build.0 = Release|Any CPU
		{1E88F15C-6077-4DC6-B9EE-D29AB79EF5D4}.Release|x86.ActiveCfg = Release|Any CPU
		{1E88F15C-6077-4DC6-B9EE-D29AB79EF5D4}.Release|x86.Build.0 = Release|Any CPU
		{280A6E7C-B6CB-4BA9-A7BA-14575DC0B00B}.Debug|Any CPU.ActiveCfg = Debug|Any CPU
		{280A6E7C-B6CB-4BA9-A7BA-14575DC0B00B}.Debug|Any CPU.Build.0 = Debug|Any CPU
		{280A6E7C-B6CB-4BA9-A7BA-14575DC0B00B}.Debug|x64.ActiveCfg = Debug|Any CPU
		{280A6E7C-B6CB-4BA9-A7BA-14575DC0B00B}.Debug|x64.Build.0 = Debug|Any CPU
		{280A6E7C-B6CB-4BA9-A7BA-14575DC0B00B}.Debug|x86.ActiveCfg = Debug|Any CPU
		{280A6E7C-B6CB-4BA9-A7BA-14575DC0B00B}.Debug|x86.Build.0 = Debug|Any CPU
		{280A6E7C-B6CB-4BA9-A7BA-14575DC0B00B}.Release|Any CPU.ActiveCfg = Release|Any CPU
		{280A6E7C-B6CB-4BA9-A7BA-14575DC0B00B}.Release|Any CPU.Build.0 = Release|Any CPU
		{280A6E7C-B6CB-4BA9-A7BA-14575DC0B00B}.Release|x64.ActiveCfg = Release|Any CPU
		{280A6E7C-B6CB-4BA9-A7BA-14575DC0B00B}.Release|x64.Build.0 = Release|Any CPU
		{280A6E7C-B6CB-4BA9-A7BA-14575DC0B00B}.Release|x86.ActiveCfg = Release|Any CPU
		{280A6E7C-B6CB-4BA9-A7BA-14575DC0B00B}.Release|x86.Build.0 = Release|Any CPU
		{92DFFEAD-7AC9-48AF-96F5-7D95BE81F43F}.Debug|Any CPU.ActiveCfg = Debug|Any CPU
		{92DFFEAD-7AC9-48AF-96F5-7D95BE81F43F}.Debug|Any CPU.Build.0 = Debug|Any CPU
		{92DFFEAD-7AC9-48AF-96F5-7D95BE81F43F}.Debug|x64.ActiveCfg = Debug|Any CPU
		{92DFFEAD-7AC9-48AF-96F5-7D95BE81F43F}.Debug|x64.Build.0 = Debug|Any CPU
		{92DFFEAD-7AC9-48AF-96F5-7D95BE81F43F}.Debug|x86.ActiveCfg = Debug|Any CPU
		{92DFFEAD-7AC9-48AF-96F5-7D95BE81F43F}.Debug|x86.Build.0 = Debug|Any CPU
		{92DFFEAD-7AC9-48AF-96F5-7D95BE81F43F}.Release|Any CPU.ActiveCfg = Release|Any CPU
		{92DFFEAD-7AC9-48AF-96F5-7D95BE81F43F}.Release|Any CPU.Build.0 = Release|Any CPU
		{92DFFEAD-7AC9-48AF-96F5-7D95BE81F43F}.Release|x64.ActiveCfg = Release|Any CPU
		{92DFFEAD-7AC9-48AF-96F5-7D95BE81F43F}.Release|x64.Build.0 = Release|Any CPU
		{92DFFEAD-7AC9-48AF-96F5-7D95BE81F43F}.Release|x86.ActiveCfg = Release|Any CPU
		{92DFFEAD-7AC9-48AF-96F5-7D95BE81F43F}.Release|x86.Build.0 = Release|Any CPU
		{117C6FEE-99A6-4543-8991-409535AF070D}.Debug|Any CPU.ActiveCfg = Debug|Any CPU
		{117C6FEE-99A6-4543-8991-409535AF070D}.Debug|Any CPU.Build.0 = Debug|Any CPU
		{117C6FEE-99A6-4543-8991-409535AF070D}.Debug|x64.ActiveCfg = Debug|Any CPU
		{117C6FEE-99A6-4543-8991-409535AF070D}.Debug|x64.Build.0 = Debug|Any CPU
		{117C6FEE-99A6-4543-8991-409535AF070D}.Debug|x86.ActiveCfg = Debug|Any CPU
		{117C6FEE-99A6-4543-8991-409535AF070D}.Debug|x86.Build.0 = Debug|Any CPU
		{117C6FEE-99A6-4543-8991-409535AF070D}.Release|Any CPU.ActiveCfg = Release|Any CPU
		{117C6FEE-99A6-4543-8991-409535AF070D}.Release|Any CPU.Build.0 = Release|Any CPU
		{117C6FEE-99A6-4543-8991-409535AF070D}.Release|x64.ActiveCfg = Release|Any CPU
		{117C6FEE-99A6-4543-8991-409535AF070D}.Release|x64.Build.0 = Release|Any CPU
		{117C6FEE-99A6-4543-8991-409535AF070D}.Release|x86.ActiveCfg = Release|Any CPU
		{117C6FEE-99A6-4543-8991-409535AF070D}.Release|x86.Build.0 = Release|Any CPU
		{984EBCE2-016D-4DE3-9B8E-DAA6B35E7555}.Debug|Any CPU.ActiveCfg = Debug|Any CPU
		{984EBCE2-016D-4DE3-9B8E-DAA6B35E7555}.Debug|Any CPU.Build.0 = Debug|Any CPU
		{984EBCE2-016D-4DE3-9B8E-DAA6B35E7555}.Debug|x64.ActiveCfg = Debug|Any CPU
		{984EBCE2-016D-4DE3-9B8E-DAA6B35E7555}.Debug|x64.Build.0 = Debug|Any CPU
		{984EBCE2-016D-4DE3-9B8E-DAA6B35E7555}.Debug|x86.ActiveCfg = Debug|Any CPU
		{984EBCE2-016D-4DE3-9B8E-DAA6B35E7555}.Debug|x86.Build.0 = Debug|Any CPU
		{984EBCE2-016D-4DE3-9B8E-DAA6B35E7555}.Release|Any CPU.ActiveCfg = Release|Any CPU
		{984EBCE2-016D-4DE3-9B8E-DAA6B35E7555}.Release|Any CPU.Build.0 = Release|Any CPU
		{984EBCE2-016D-4DE3-9B8E-DAA6B35E7555}.Release|x64.ActiveCfg = Release|Any CPU
		{984EBCE2-016D-4DE3-9B8E-DAA6B35E7555}.Release|x64.Build.0 = Release|Any CPU
		{984EBCE2-016D-4DE3-9B8E-DAA6B35E7555}.Release|x86.ActiveCfg = Release|Any CPU
		{984EBCE2-016D-4DE3-9B8E-DAA6B35E7555}.Release|x86.Build.0 = Release|Any CPU
		{3A9E59EA-32C8-4F3D-A7CC-24AE77328AB4}.Debug|Any CPU.ActiveCfg = Debug|Any CPU
		{3A9E59EA-32C8-4F3D-A7CC-24AE77328AB4}.Debug|Any CPU.Build.0 = Debug|Any CPU
		{3A9E59EA-32C8-4F3D-A7CC-24AE77328AB4}.Debug|x64.ActiveCfg = Debug|Any CPU
		{3A9E59EA-32C8-4F3D-A7CC-24AE77328AB4}.Debug|x64.Build.0 = Debug|Any CPU
		{3A9E59EA-32C8-4F3D-A7CC-24AE77328AB4}.Debug|x86.ActiveCfg = Debug|Any CPU
		{3A9E59EA-32C8-4F3D-A7CC-24AE77328AB4}.Debug|x86.Build.0 = Debug|Any CPU
		{3A9E59EA-32C8-4F3D-A7CC-24AE77328AB4}.Release|Any CPU.ActiveCfg = Release|Any CPU
		{3A9E59EA-32C8-4F3D-A7CC-24AE77328AB4}.Release|Any CPU.Build.0 = Release|Any CPU
		{3A9E59EA-32C8-4F3D-A7CC-24AE77328AB4}.Release|x64.ActiveCfg = Release|Any CPU
		{3A9E59EA-32C8-4F3D-A7CC-24AE77328AB4}.Release|x64.Build.0 = Release|Any CPU
		{3A9E59EA-32C8-4F3D-A7CC-24AE77328AB4}.Release|x86.ActiveCfg = Release|Any CPU
		{3A9E59EA-32C8-4F3D-A7CC-24AE77328AB4}.Release|x86.Build.0 = Release|Any CPU
		{09F0AE25-FB46-447A-AFCD-113A0D6BF944}.Debug|Any CPU.ActiveCfg = Debug|Any CPU
		{09F0AE25-FB46-447A-AFCD-113A0D6BF944}.Debug|Any CPU.Build.0 = Debug|Any CPU
		{09F0AE25-FB46-447A-AFCD-113A0D6BF944}.Debug|x64.ActiveCfg = Debug|Any CPU
		{09F0AE25-FB46-447A-AFCD-113A0D6BF944}.Debug|x64.Build.0 = Debug|Any CPU
		{09F0AE25-FB46-447A-AFCD-113A0D6BF944}.Debug|x86.ActiveCfg = Debug|Any CPU
		{09F0AE25-FB46-447A-AFCD-113A0D6BF944}.Debug|x86.Build.0 = Debug|Any CPU
		{09F0AE25-FB46-447A-AFCD-113A0D6BF944}.Release|Any CPU.ActiveCfg = Release|Any CPU
		{09F0AE25-FB46-447A-AFCD-113A0D6BF944}.Release|Any CPU.Build.0 = Release|Any CPU
		{09F0AE25-FB46-447A-AFCD-113A0D6BF944}.Release|x64.ActiveCfg = Release|Any CPU
		{09F0AE25-FB46-447A-AFCD-113A0D6BF944}.Release|x64.Build.0 = Release|Any CPU
		{09F0AE25-FB46-447A-AFCD-113A0D6BF944}.Release|x86.ActiveCfg = Release|Any CPU
		{09F0AE25-FB46-447A-AFCD-113A0D6BF944}.Release|x86.Build.0 = Release|Any CPU
		{6851CD4D-E46D-426F-BE42-619C7F78B481}.Debug|Any CPU.ActiveCfg = Debug|Any CPU
		{6851CD4D-E46D-426F-BE42-619C7F78B481}.Debug|Any CPU.Build.0 = Debug|Any CPU
		{6851CD4D-E46D-426F-BE42-619C7F78B481}.Debug|x64.ActiveCfg = Debug|Any CPU
		{6851CD4D-E46D-426F-BE42-619C7F78B481}.Debug|x64.Build.0 = Debug|Any CPU
		{6851CD4D-E46D-426F-BE42-619C7F78B481}.Debug|x86.ActiveCfg = Debug|Any CPU
		{6851CD4D-E46D-426F-BE42-619C7F78B481}.Debug|x86.Build.0 = Debug|Any CPU
		{6851CD4D-E46D-426F-BE42-619C7F78B481}.Release|Any CPU.ActiveCfg = Release|Any CPU
		{6851CD4D-E46D-426F-BE42-619C7F78B481}.Release|Any CPU.Build.0 = Release|Any CPU
		{6851CD4D-E46D-426F-BE42-619C7F78B481}.Release|x64.ActiveCfg = Release|Any CPU
		{6851CD4D-E46D-426F-BE42-619C7F78B481}.Release|x64.Build.0 = Release|Any CPU
		{6851CD4D-E46D-426F-BE42-619C7F78B481}.Release|x86.ActiveCfg = Release|Any CPU
		{6851CD4D-E46D-426F-BE42-619C7F78B481}.Release|x86.Build.0 = Release|Any CPU
		{29D2B72E-F0F7-422C-B3BB-F130A978BD96}.Debug|Any CPU.ActiveCfg = Debug|Any CPU
		{29D2B72E-F0F7-422C-B3BB-F130A978BD96}.Debug|Any CPU.Build.0 = Debug|Any CPU
		{29D2B72E-F0F7-422C-B3BB-F130A978BD96}.Debug|x64.ActiveCfg = Debug|Any CPU
		{29D2B72E-F0F7-422C-B3BB-F130A978BD96}.Debug|x64.Build.0 = Debug|Any CPU
		{29D2B72E-F0F7-422C-B3BB-F130A978BD96}.Debug|x86.ActiveCfg = Debug|Any CPU
		{29D2B72E-F0F7-422C-B3BB-F130A978BD96}.Debug|x86.Build.0 = Debug|Any CPU
		{29D2B72E-F0F7-422C-B3BB-F130A978BD96}.Release|Any CPU.ActiveCfg = Release|Any CPU
		{29D2B72E-F0F7-422C-B3BB-F130A978BD96}.Release|Any CPU.Build.0 = Release|Any CPU
		{29D2B72E-F0F7-422C-B3BB-F130A978BD96}.Release|x64.ActiveCfg = Release|Any CPU
		{29D2B72E-F0F7-422C-B3BB-F130A978BD96}.Release|x64.Build.0 = Release|Any CPU
		{29D2B72E-F0F7-422C-B3BB-F130A978BD96}.Release|x86.ActiveCfg = Release|Any CPU
		{29D2B72E-F0F7-422C-B3BB-F130A978BD96}.Release|x86.Build.0 = Release|Any CPU
		{2779656D-62EE-4A60-B9B6-5486304F326B}.Debug|Any CPU.ActiveCfg = Debug|Any CPU
		{2779656D-62EE-4A60-B9B6-5486304F326B}.Debug|Any CPU.Build.0 = Debug|Any CPU
		{2779656D-62EE-4A60-B9B6-5486304F326B}.Debug|x64.ActiveCfg = Debug|Any CPU
		{2779656D-62EE-4A60-B9B6-5486304F326B}.Debug|x64.Build.0 = Debug|Any CPU
		{2779656D-62EE-4A60-B9B6-5486304F326B}.Debug|x86.ActiveCfg = Debug|Any CPU
		{2779656D-62EE-4A60-B9B6-5486304F326B}.Debug|x86.Build.0 = Debug|Any CPU
		{2779656D-62EE-4A60-B9B6-5486304F326B}.Release|Any CPU.ActiveCfg = Release|Any CPU
		{2779656D-62EE-4A60-B9B6-5486304F326B}.Release|Any CPU.Build.0 = Release|Any CPU
		{2779656D-62EE-4A60-B9B6-5486304F326B}.Release|x64.ActiveCfg = Release|Any CPU
		{2779656D-62EE-4A60-B9B6-5486304F326B}.Release|x64.Build.0 = Release|Any CPU
		{2779656D-62EE-4A60-B9B6-5486304F326B}.Release|x86.ActiveCfg = Release|Any CPU
		{2779656D-62EE-4A60-B9B6-5486304F326B}.Release|x86.Build.0 = Release|Any CPU
		{4465E1A1-4439-4A9A-B6CC-C9AD28E59C47}.Debug|Any CPU.ActiveCfg = Debug|Any CPU
		{4465E1A1-4439-4A9A-B6CC-C9AD28E59C47}.Debug|Any CPU.Build.0 = Debug|Any CPU
		{4465E1A1-4439-4A9A-B6CC-C9AD28E59C47}.Debug|x64.ActiveCfg = Debug|Any CPU
		{4465E1A1-4439-4A9A-B6CC-C9AD28E59C47}.Debug|x64.Build.0 = Debug|Any CPU
		{4465E1A1-4439-4A9A-B6CC-C9AD28E59C47}.Debug|x86.ActiveCfg = Debug|Any CPU
		{4465E1A1-4439-4A9A-B6CC-C9AD28E59C47}.Debug|x86.Build.0 = Debug|Any CPU
		{4465E1A1-4439-4A9A-B6CC-C9AD28E59C47}.Release|Any CPU.ActiveCfg = Release|Any CPU
		{4465E1A1-4439-4A9A-B6CC-C9AD28E59C47}.Release|Any CPU.Build.0 = Release|Any CPU
		{4465E1A1-4439-4A9A-B6CC-C9AD28E59C47}.Release|x64.ActiveCfg = Release|Any CPU
		{4465E1A1-4439-4A9A-B6CC-C9AD28E59C47}.Release|x64.Build.0 = Release|Any CPU
		{4465E1A1-4439-4A9A-B6CC-C9AD28E59C47}.Release|x86.ActiveCfg = Release|Any CPU
		{4465E1A1-4439-4A9A-B6CC-C9AD28E59C47}.Release|x86.Build.0 = Release|Any CPU
		{328E51E2-5DE3-488E-9441-EAA5F5BEE6F5}.Debug|Any CPU.ActiveCfg = Debug|Any CPU
		{328E51E2-5DE3-488E-9441-EAA5F5BEE6F5}.Debug|Any CPU.Build.0 = Debug|Any CPU
		{328E51E2-5DE3-488E-9441-EAA5F5BEE6F5}.Debug|x64.ActiveCfg = Debug|Any CPU
		{328E51E2-5DE3-488E-9441-EAA5F5BEE6F5}.Debug|x64.Build.0 = Debug|Any CPU
		{328E51E2-5DE3-488E-9441-EAA5F5BEE6F5}.Debug|x86.ActiveCfg = Debug|Any CPU
		{328E51E2-5DE3-488E-9441-EAA5F5BEE6F5}.Debug|x86.Build.0 = Debug|Any CPU
		{328E51E2-5DE3-488E-9441-EAA5F5BEE6F5}.Release|Any CPU.ActiveCfg = Release|Any CPU
		{328E51E2-5DE3-488E-9441-EAA5F5BEE6F5}.Release|Any CPU.Build.0 = Release|Any CPU
		{328E51E2-5DE3-488E-9441-EAA5F5BEE6F5}.Release|x64.ActiveCfg = Release|Any CPU
		{328E51E2-5DE3-488E-9441-EAA5F5BEE6F5}.Release|x64.Build.0 = Release|Any CPU
		{328E51E2-5DE3-488E-9441-EAA5F5BEE6F5}.Release|x86.ActiveCfg = Release|Any CPU
		{328E51E2-5DE3-488E-9441-EAA5F5BEE6F5}.Release|x86.Build.0 = Release|Any CPU
		{12097FA6-4453-4C86-8E3B-ECADEECB4704}.Debug|Any CPU.ActiveCfg = Debug|Any CPU
		{12097FA6-4453-4C86-8E3B-ECADEECB4704}.Debug|Any CPU.Build.0 = Debug|Any CPU
		{12097FA6-4453-4C86-8E3B-ECADEECB4704}.Debug|x64.ActiveCfg = Debug|Any CPU
		{12097FA6-4453-4C86-8E3B-ECADEECB4704}.Debug|x64.Build.0 = Debug|Any CPU
		{12097FA6-4453-4C86-8E3B-ECADEECB4704}.Debug|x86.ActiveCfg = Debug|Any CPU
		{12097FA6-4453-4C86-8E3B-ECADEECB4704}.Debug|x86.Build.0 = Debug|Any CPU
		{12097FA6-4453-4C86-8E3B-ECADEECB4704}.Release|Any CPU.ActiveCfg = Release|Any CPU
		{12097FA6-4453-4C86-8E3B-ECADEECB4704}.Release|Any CPU.Build.0 = Release|Any CPU
		{12097FA6-4453-4C86-8E3B-ECADEECB4704}.Release|x64.ActiveCfg = Release|Any CPU
		{12097FA6-4453-4C86-8E3B-ECADEECB4704}.Release|x64.Build.0 = Release|Any CPU
		{12097FA6-4453-4C86-8E3B-ECADEECB4704}.Release|x86.ActiveCfg = Release|Any CPU
		{12097FA6-4453-4C86-8E3B-ECADEECB4704}.Release|x86.Build.0 = Release|Any CPU
		{9232FF56-6396-423E-9ADF-72D2636BD136}.Debug|Any CPU.ActiveCfg = Debug|Any CPU
		{9232FF56-6396-423E-9ADF-72D2636BD136}.Debug|Any CPU.Build.0 = Debug|Any CPU
		{9232FF56-6396-423E-9ADF-72D2636BD136}.Debug|x64.ActiveCfg = Debug|Any CPU
		{9232FF56-6396-423E-9ADF-72D2636BD136}.Debug|x64.Build.0 = Debug|Any CPU
		{9232FF56-6396-423E-9ADF-72D2636BD136}.Debug|x86.ActiveCfg = Debug|Any CPU
		{9232FF56-6396-423E-9ADF-72D2636BD136}.Debug|x86.Build.0 = Debug|Any CPU
		{9232FF56-6396-423E-9ADF-72D2636BD136}.Release|Any CPU.ActiveCfg = Release|Any CPU
		{9232FF56-6396-423E-9ADF-72D2636BD136}.Release|Any CPU.Build.0 = Release|Any CPU
		{9232FF56-6396-423E-9ADF-72D2636BD136}.Release|x64.ActiveCfg = Release|Any CPU
		{9232FF56-6396-423E-9ADF-72D2636BD136}.Release|x64.Build.0 = Release|Any CPU
		{9232FF56-6396-423E-9ADF-72D2636BD136}.Release|x86.ActiveCfg = Release|Any CPU
		{9232FF56-6396-423E-9ADF-72D2636BD136}.Release|x86.Build.0 = Release|Any CPU
	EndGlobalSection
	GlobalSection(SolutionProperties) = preSolution
		HideSolutionNode = FALSE
	EndGlobalSection
	GlobalSection(NestedProjects) = preSolution
		{1F693FB5-B6C1-48B7-9939-279F513C8223} = {827E0CD3-B72D-47B6-A68D-7590B98EB39B}
		{F88197DD-16BA-48F7-A277-E6E7CD8538E9} = {827E0CD3-B72D-47B6-A68D-7590B98EB39B}
		{80CE31DD-160B-402B-A840-6C7607B6B9AA} = {827E0CD3-B72D-47B6-A68D-7590B98EB39B}
		{E11C851A-1D02-452B-B1B1-BE61C2636FD8} = {827E0CD3-B72D-47B6-A68D-7590B98EB39B}
		{90907C5B-A1FD-4028-ABDB-05AE2AA7B340} = {827E0CD3-B72D-47B6-A68D-7590B98EB39B}
		{1E88F15C-6077-4DC6-B9EE-D29AB79EF5D4} = {827E0CD3-B72D-47B6-A68D-7590B98EB39B}
		{280A6E7C-B6CB-4BA9-A7BA-14575DC0B00B} = {0AB3BF05-4346-4AA6-1389-037BE0695223}
		{92DFFEAD-7AC9-48AF-96F5-7D95BE81F43F} = {0AB3BF05-4346-4AA6-1389-037BE0695223}
		{117C6FEE-99A6-4543-8991-409535AF070D} = {827E0CD3-B72D-47B6-A68D-7590B98EB39B}
		{984EBCE2-016D-4DE3-9B8E-DAA6B35E7555} = {0AB3BF05-4346-4AA6-1389-037BE0695223}
		{3A9E59EA-32C8-4F3D-A7CC-24AE77328AB4} = {827E0CD3-B72D-47B6-A68D-7590B98EB39B}
		{09F0AE25-FB46-447A-AFCD-113A0D6BF944} = {0AB3BF05-4346-4AA6-1389-037BE0695223}
		{6851CD4D-E46D-426F-BE42-619C7F78B481} = {0AB3BF05-4346-4AA6-1389-037BE0695223}
		{29D2B72E-F0F7-422C-B3BB-F130A978BD96} = {827E0CD3-B72D-47B6-A68D-7590B98EB39B}
		{2779656D-62EE-4A60-B9B6-5486304F326B} = {0AB3BF05-4346-4AA6-1389-037BE0695223}
		{4465E1A1-4439-4A9A-B6CC-C9AD28E59C47} = {827E0CD3-B72D-47B6-A68D-7590B98EB39B}
		{328E51E2-5DE3-488E-9441-EAA5F5BEE6F5} = {0AB3BF05-4346-4AA6-1389-037BE0695223}
		{12097FA6-4453-4C86-8E3B-ECADEECB4704} = {827E0CD3-B72D-47B6-A68D-7590B98EB39B}
		{9232FF56-6396-423E-9ADF-72D2636BD136} = {827E0CD3-B72D-47B6-A68D-7590B98EB39B}
	EndGlobalSection
EndGlobal
